{
  "name": "build.snapcraft.io",
  "version": "1.0.0",
  "dependencies": {
    "accepts": {
      "version": "1.3.3"
    },
    "acorn": {
      "version": "1.2.2"
    },
    "amdefine": {
      "version": "1.0.1"
    },
    "ansi-regex": {
      "version": "2.0.0"
    },
    "ansi-styles": {
      "version": "2.2.1"
    },
    "ap": {
      "version": "0.2.0"
    },
    "argparse": {
      "version": "1.0.9"
    },
    "arr-diff": {
      "version": "2.0.0"
    },
    "arr-flatten": {
      "version": "1.0.1"
    },
    "array-flatten": {
      "version": "1.1.1"
    },
    "array-unique": {
      "version": "0.2.1"
    },
    "asap": {
      "version": "2.0.5"
    },
    "asn1": {
      "version": "0.2.3"
    },
    "assert-plus": {
      "version": "0.2.0"
    },
    "ast-types": {
      "version": "0.8.15"
    },
    "async-lock": {
      "version": "1.0.0"
    },
    "asynckit": {
      "version": "0.4.0"
    },
    "aws-sign2": {
      "version": "0.6.0"
    },
    "aws4": {
      "version": "1.5.0"
    },
    "babel-code-frame": {
      "version": "6.16.0"
    },
    "babel-messages": {
      "version": "6.8.0"
    },
    "babel-polyfill": {
      "version": "6.16.0",
      "dependencies": {
        "core-js": {
          "version": "2.4.1"
        }
      }
    },
    "babel-runtime": {
      "version": "6.18.0",
      "dependencies": {
        "core-js": {
          "version": "2.4.1"
        }
      }
    },
    "babel-template": {
      "version": "6.16.0"
    },
    "babel-traverse": {
      "version": "6.19.0"
    },
    "babel-types": {
      "version": "6.19.0"
    },
    "babylon": {
      "version": "6.14.1"
    },
    "base62": {
      "version": "0.1.1"
    },
    "base64-url": {
      "version": "1.3.3"
    },
    "bcrypt-pbkdf": {
      "version": "1.0.0",
      "optional": true
    },
    "big.js": {
      "version": "3.1.3"
    },
    "bintrees": {
      "version": "1.0.1"
    },
    "bluebird": {
      "version": "3.4.7"
    },
    "body-parser": {
      "version": "1.15.2",
      "dependencies": {
        "qs": {
          "version": "6.2.0"
        }
      }
    },
    "bookshelf": {
      "version": "0.10.3",
      "dependencies": {
        "lodash": {
          "version": "4.17.4"
        }
      }
    },
    "boom": {
      "version": "2.10.1"
    },
    "braces": {
      "version": "1.8.5"
    },
    "buffer-shims": {
      "version": "1.0.0"
    },
    "buffer-writer": {
      "version": "1.0.1"
    },
    "builtin-modules": {
      "version": "1.1.1"
    },
    "bytes": {
      "version": "2.4.0"
    },
    "camelcase": {
      "version": "3.0.0"
    },
    "camelize": {
      "version": "1.0.0"
    },
    "caseless": {
      "version": "0.11.0"
    },
    "chalk": {
      "version": "1.1.3"
    },
    "classnames": {
      "version": "2.2.5"
    },
    "clipboard": {
      "version": "1.6.1"
    },
    "cliui": {
      "version": "3.2.0"
    },
    "code-point-at": {
      "version": "1.1.0"
    },
    "colors": {
      "version": "1.0.3"
    },
    "combined-stream": {
      "version": "1.0.5"
    },
    "commander": {
      "version": "2.9.0"
    },
    "connect": {
      "version": "3.4.1",
      "dependencies": {
        "finalhandler": {
          "version": "0.4.1"
        }
      }
    },
    "connect-memcached": {
      "version": "0.2.0"
    },
    "connection-parse": {
      "version": "0.0.7"
    },
    "content-disposition": {
      "version": "0.5.1"
    },
    "content-security-policy-builder": {
      "version": "1.1.0"
    },
    "content-type": {
      "version": "1.0.2"
    },
    "cookie": {
      "version": "0.3.1"
    },
    "cookie-policy": {
      "version": "1.0.5"
    },
    "cookie-signature": {
      "version": "1.0.6"
    },
    "core-js": {
      "version": "1.2.7"
    },
    "core-util-is": {
      "version": "1.0.2"
    },
    "crc": {
      "version": "3.4.1"
    },
    "create-error": {
      "version": "0.3.1"
    },
    "cryptiles": {
      "version": "2.0.5"
    },
    "css-modules-require-hook": {
      "version": "4.0.5"
    },
    "css-selector-tokenizer": {
      "version": "0.6.0"
    },
    "cssesc": {
      "version": "0.1.0"
    },
    "cycle": {
      "version": "1.0.3"
    },
    "dashdash": {
      "version": "1.14.1",
      "dependencies": {
        "assert-plus": {
          "version": "1.0.0"
        }
      }
    },
    "dasherize": {
      "version": "2.0.0"
    },
    "dashify": {
      "version": "0.2.2"
    },
    "debug": {
      "version": "2.2.0"
    },
    "decamelize": {
      "version": "1.2.0"
    },
    "deep-equal": {
      "version": "1.0.1"
    },
    "delayed-stream": {
      "version": "1.0.0"
    },
    "delegate": {
      "version": "3.1.2"
    },
    "depd": {
      "version": "1.1.0"
    },
    "destroy": {
      "version": "1.0.4"
    },
    "detect-file": {
      "version": "0.1.0"
    },
    "dns-prefetch-control": {
      "version": "0.1.0"
    },
    "dom-serializer": {
      "version": "0.1.0",
      "dependencies": {
        "domelementtype": {
          "version": "1.1.3"
        }
      }
    },
    "dom-walk": {
      "version": "0.1.1"
    },
    "domelementtype": {
      "version": "1.3.0"
    },
    "domhandler": {
      "version": "2.3.0"
    },
    "domutils": {
      "version": "1.5.1"
    },
    "dont-sniff-mimetype": {
      "version": "1.0.0"
    },
    "dotenv": {
      "version": "2.0.0"
    },
    "ecc-jsbn": {
      "version": "0.1.1",
      "optional": true
    },
    "ecma-nacl": {
      "version": "2.4.0"
    },
    "ee-first": {
      "version": "1.1.1"
    },
    "emojis-list": {
      "version": "2.1.0"
    },
    "encodeurl": {
      "version": "1.0.1"
    },
    "encoding": {
      "version": "0.1.12"
    },
    "entities": {
      "version": "1.1.1"
    },
    "error-ex": {
      "version": "1.3.0"
    },
    "error-stack-parser": {
      "version": "1.3.6"
    },
    "es3ify": {
      "version": "0.1.4",
      "dependencies": {
        "esprima-fb": {
          "version": "3001.1.0-dev-harmony-fb"
        }
      }
    },
    "es6-promise": {
      "version": "4.0.5"
    },
    "escape-html": {
      "version": "1.0.3"
    },
    "escape-string-regexp": {
      "version": "1.0.5"
    },
    "esmangle-evaluator": {
      "version": "1.0.1"
    },
    "esprima": {
      "version": "2.7.3"
    },
    "esutils": {
      "version": "2.0.2"
    },
    "etag": {
      "version": "1.7.0"
    },
    "expand-brackets": {
      "version": "0.1.5"
    },
    "expand-range": {
      "version": "1.8.2"
    },
    "expand-tilde": {
      "version": "1.2.2"
    },
    "express": {
      "version": "4.14.0",
      "dependencies": {
        "qs": {
          "version": "6.2.0"
        }
      }
    },
    "express-healthcheck": {
      "version": "0.1.0"
    },
    "express-prom-bundle": {
      "version": "2.1.0"
    },
    "express-session": {
      "version": "1.14.2"
    },
    "express-winston": {
      "version": "2.0.0",
      "dependencies": {
        "ansi-styles": {
          "version": "1.0.0"
        },
        "chalk": {
          "version": "0.4.0"
        },
        "lodash": {
          "version": "4.11.2"
        },
        "strip-ansi": {
          "version": "0.1.1"
        }
      }
    },
    "extend": {
      "version": "3.0.0"
    },
    "extglob": {
      "version": "0.3.2"
    },
    "extsprintf": {
      "version": "1.0.2"
    },
    "eyes": {
      "version": "0.1.8"
    },
    "falafel": {
      "version": "1.2.0"
    },
    "fastparse": {
      "version": "1.1.1"
    },
    "fbjs": {
      "version": "0.8.6"
    },
    "filename-regex": {
      "version": "2.0.0"
    },
    "fill-range": {
      "version": "2.2.3"
    },
    "finalhandler": {
      "version": "0.5.0"
    },
    "find-up": {
      "version": "1.1.2"
    },
    "findup-sync": {
      "version": "0.4.3"
    },
    "flagged-respawn": {
      "version": "0.3.2"
    },
    "for-in": {
      "version": "1.0.2"
    },
    "for-own": {
      "version": "0.1.5"
    },
    "foreach": {
      "version": "2.0.5"
    },
    "forever-agent": {
      "version": "0.6.1"
    },
    "forwarded": {
      "version": "0.1.0"
    },
    "frameguard": {
      "version": "3.0.0"
    },
    "fresh": {
      "version": "0.3.0"
    },
    "fs-exists-sync": {
      "version": "0.1.0"
    },
    "generate-function": {
      "version": "2.0.0"
    },
    "generate-object-property": {
      "version": "1.2.0"
    },
    "generic-names": {
      "version": "1.0.2"
    },
    "generic-pool": {
      "version": "2.5.4"
    },
    "get-caller-file": {
      "version": "1.0.2"
    },
    "getpass": {
      "version": "0.1.6",
      "dependencies": {
        "assert-plus": {
          "version": "1.0.0"
        }
      }
    },
    "glob-base": {
      "version": "0.3.0"
    },
    "glob-parent": {
      "version": "2.0.0"
    },
    "glob-to-regexp": {
      "version": "0.1.0"
    },
    "global": {
      "version": "4.3.1"
    },
    "global-modules": {
      "version": "0.2.3"
    },
    "global-prefix": {
      "version": "0.1.5"
    },
    "globals": {
      "version": "9.14.0"
    },
    "good-listener": {
      "version": "1.2.2"
    },
    "graceful-fs": {
      "version": "4.1.11"
    },
    "graceful-readlink": {
      "version": "1.0.1"
    },
    "har-validator": {
      "version": "2.0.6"
    },
    "has-ansi": {
      "version": "2.0.0"
    },
    "has-color": {
      "version": "0.1.7"
    },
    "has-flag": {
      "version": "1.0.0"
    },
    "hashring": {
      "version": "3.2.0"
    },
    "hawk": {
      "version": "3.1.3"
    },
    "helmet": {
      "version": "3.1.0"
    },
    "helmet-csp": {
      "version": "2.1.0"
    },
    "hide-powered-by": {
      "version": "1.0.0"
    },
    "history": {
      "version": "3.2.1"
    },
    "hoek": {
      "version": "2.16.3"
    },
    "hoist-non-react-statics": {
      "version": "1.2.0"
    },
    "homedir-polyfill": {
      "version": "1.0.1"
    },
    "hosted-git-info": {
      "version": "2.1.5"
    },
    "hpkp": {
      "version": "2.0.0"
    },
    "hsts": {
      "version": "2.0.0"
    },
    "htmlparser2": {
      "version": "3.9.2",
      "dependencies": {
        "isarray": {
          "version": "1.0.0"
        },
        "readable-stream": {
          "version": "2.2.6"
        }
      }
    },
    "http-errors": {
      "version": "1.5.1"
    },
    "http-signature": {
      "version": "1.1.1"
    },
    "iconv-lite": {
      "version": "0.4.13"
    },
    "icss-replace-symbols": {
      "version": "1.0.2"
    },
    "ienoopen": {
      "version": "1.0.0"
    },
    "images-require-hook": {
      "version": "1.0.3"
    },
    "immediate": {
      "version": "3.0.6"
    },
    "immutable": {
      "version": "3.8.1"
    },
    "in-publish": {
      "version": "2.0.0"
    },
    "inflection": {
      "version": "1.12.0"
    },
    "inherits": {
      "version": "2.0.3"
    },
    "ini": {
      "version": "1.3.4"
    },
    "inline-process-browser": {
      "version": "1.0.0"
    },
    "invariant": {
      "version": "2.2.2"
    },
    "invert-kv": {
      "version": "1.0.0"
    },
    "ipaddr.js": {
      "version": "1.1.1"
    },
    "is-arrayish": {
      "version": "0.2.1"
    },
    "is-buffer": {
      "version": "1.1.4"
    },
    "is-builtin-module": {
      "version": "1.0.0"
    },
    "is-dotfile": {
      "version": "1.0.2"
    },
    "is-equal-shallow": {
      "version": "0.1.3"
    },
    "is-extendable": {
      "version": "0.1.1"
    },
    "is-extglob": {
      "version": "1.0.0"
    },
    "is-fullwidth-code-point": {
      "version": "1.0.0"
    },
    "is-glob": {
      "version": "2.0.1"
    },
    "is-my-json-valid": {
      "version": "2.15.0"
    },
    "is-number": {
      "version": "2.1.0"
    },
    "is-posix-bracket": {
      "version": "0.1.1"
    },
    "is-primitive": {
      "version": "2.0.0"
    },
    "is-property": {
      "version": "1.0.2"
    },
    "is-stream": {
      "version": "1.1.0"
    },
    "is-typedarray": {
      "version": "1.0.0"
    },
    "is-utf8": {
      "version": "0.2.1"
    },
    "is-windows": {
      "version": "0.2.0"
    },
    "isarray": {
      "version": "0.0.1"
    },
    "isexe": {
      "version": "1.1.2"
    },
    "isobject": {
      "version": "2.1.0",
      "dependencies": {
        "isarray": {
          "version": "1.0.0"
        }
      }
    },
    "isomorphic-fetch": {
      "version": "2.2.1"
    },
    "isstream": {
      "version": "0.1.2"
    },
    "jackpot": {
      "version": "0.0.6"
    },
    "jodid25519": {
      "version": "1.0.2",
      "optional": true
    },
    "js-base64": {
      "version": "2.1.9"
    },
    "js-tokens": {
      "version": "2.0.0"
    },
    "js-yaml": {
      "version": "3.7.0"
    },
    "jsbn": {
      "version": "0.1.0",
      "optional": true
    },
    "jsesc": {
      "version": "0.5.0"
    },
    "json-schema": {
      "version": "0.2.3"
    },
    "json-stringify-safe": {
      "version": "5.0.1"
    },
    "json5": {
      "version": "0.5.1"
    },
    "jsonpointer": {
      "version": "4.0.0"
    },
    "jsprim": {
      "version": "1.3.1"
    },
    "jstransform": {
      "version": "3.0.0",
      "dependencies": {
        "esprima-fb": {
          "version": "3001.1.0-dev-harmony-fb"
        },
        "source-map": {
          "version": "0.1.31"
        }
      }
    },
    "kind-of": {
      "version": "3.1.0"
    },
    "knex": {
      "version": "0.12.7",
      "dependencies": {
        "interpret": {
          "version": "0.6.6"
        },
        "minimist": {
          "version": "1.1.3"
        },
        "readable-stream": {
          "version": "1.1.14"
        }
      }
    },
    "lcid": {
      "version": "1.0.0"
    },
    "lie": {
      "version": "3.0.2"
    },
    "liftoff": {
      "version": "2.2.5"
    },
    "load-json-file": {
      "version": "1.1.0",
      "dependencies": {
        "strip-bom": {
          "version": "2.0.0"
        }
      }
    },
    "loader-utils": {
      "version": "0.2.16"
    },
    "localforage": {
      "version": "1.4.3"
    },
    "lodash": {
      "version": "4.17.4"
    },
    "lodash-es": {
      "version": "4.17.2"
    },
    "lodash._arrayeach": {
      "version": "3.0.0"
    },
    "lodash._baseeach": {
      "version": "3.0.4"
    },
    "lodash._bindcallback": {
      "version": "3.0.1"
    },
    "lodash._getnative": {
      "version": "3.9.1"
    },
    "lodash.foreach": {
      "version": "3.0.3"
    },
    "lodash.isarguments": {
      "version": "3.1.0"
    },
    "lodash.isarray": {
      "version": "3.0.4"
    },
    "lodash.keys": {
      "version": "3.1.2"
    },
    "lodash.merge": {
      "version": "4.6.0"
    },
    "lodash.reduce": {
      "version": "4.6.0"
    },
    "lodash.union": {
      "version": "4.6.0"
    },
    "loose-envify": {
      "version": "1.3.0"
    },
    "lsmod": {
      "version": "1.0.0"
    },
    "macaroons.js": {
      "version": "0.3.6"
    },
    "md5-file": {
      "version": "3.1.1"
    },
    "media-typer": {
      "version": "0.3.0"
    },
    "memcached": {
      "version": "2.2.2"
    },
    "merge-descriptors": {
      "version": "1.0.1"
    },
    "methods": {
      "version": "1.1.2"
    },
    "micromatch": {
      "version": "2.3.11"
    },
    "mime": {
      "version": "1.3.4"
    },
    "mime-db": {
      "version": "1.25.0"
    },
    "mime-types": {
      "version": "2.1.13"
    },
    "min-document": {
      "version": "2.19.0"
    },
    "minimist": {
      "version": "0.0.8"
    },
    "mkdirp": {
      "version": "0.5.1"
    },
    "moment": {
      "version": "2.17.1"
    },
    "ms": {
      "version": "0.7.1"
    },
    "negotiator": {
      "version": "0.6.1"
    },
    "nocache": {
      "version": "2.0.0"
    },
    "node-fetch": {
      "version": "1.6.3"
    },
    "normalize-package-data": {
      "version": "2.3.5"
    },
    "normalize-path": {
      "version": "2.0.1"
    },
    "normalize.css": {
      "version": "5.0.0"
    },
    "normalizr": {
      "version": "3.2.2"
    },
    "number-is-nan": {
      "version": "1.0.1"
    },
    "oauth": {
      "version": "0.9.14"
    },
    "oauth-sign": {
      "version": "0.8.2"
    },
    "object-assign": {
      "version": "4.1.0"
    },
    "object-keys": {
      "version": "1.0.11"
    },
    "object.omit": {
      "version": "2.0.1"
    },
    "on-finished": {
      "version": "2.3.0"
    },
    "on-headers": {
      "version": "1.0.1"
    },
    "openid": {
      "version": "2.0.6"
    },
    "os-homedir": {
      "version": "1.0.2"
    },
    "os-locale": {
      "version": "1.4.0"
    },
    "packet-reader": {
      "version": "0.2.0"
    },
    "parse-github-url": {
      "version": "0.3.2"
    },
    "parse-glob": {
      "version": "3.0.4"
    },
    "parse-json": {
      "version": "2.2.0"
    },
    "parse-passwd": {
      "version": "1.0.0"
    },
    "parseurl": {
      "version": "1.3.1"
    },
    "path-exists": {
      "version": "2.1.0"
    },
    "path-parse": {
      "version": "1.0.5"
    },
    "path-to-regexp": {
      "version": "0.1.7"
    },
    "path-type": {
      "version": "1.1.0"
    },
    "pg": {
      "version": "6.1.2",
      "dependencies": {
        "semver": {
          "version": "4.3.2"
        }
      }
    },
    "pg-connection-string": {
      "version": "0.1.3"
    },
    "pg-pool": {
      "version": "1.6.0",
      "dependencies": {
        "generic-pool": {
          "version": "2.4.2"
        }
      }
    },
    "pg-types": {
      "version": "1.11.0"
    },
    "pgpass": {
      "version": "1.0.1"
    },
    "pify": {
      "version": "2.3.0"
    },
    "pinkie": {
      "version": "2.0.4"
    },
    "pinkie-promise": {
      "version": "2.0.1"
    },
    "platform": {
      "version": "1.3.1"
    },
    "postcss": {
      "version": "5.2.6",
      "dependencies": {
        "source-map": {
          "version": "0.5.6"
        },
        "supports-color": {
          "version": "3.1.2"
        }
      }
    },
    "postcss-modules-extract-imports": {
      "version": "1.0.1"
    },
    "postcss-modules-local-by-default": {
      "version": "1.1.1"
    },
    "postcss-modules-parser": {
      "version": "1.1.0"
    },
    "postcss-modules-scope": {
      "version": "1.0.2"
    },
    "postcss-modules-values": {
      "version": "1.2.2"
    },
    "postgres-array": {
      "version": "1.0.2"
    },
    "postgres-bytea": {
      "version": "1.0.0"
    },
    "postgres-date": {
      "version": "1.0.3"
    },
    "postgres-interval": {
      "version": "1.0.2"
    },
    "preserve": {
      "version": "0.2.0"
    },
    "private": {
      "version": "0.1.7"
    },
    "process": {
      "version": "0.5.2"
    },
    "process-nextick-args": {
      "version": "1.0.7"
    },
    "prom-client": {
      "version": "6.3.0"
    },
    "promise": {
      "version": "7.1.1"
    },
    "proxy-addr": {
      "version": "1.1.2"
    },
    "punycode": {
      "version": "1.4.1"
    },
    "qs": {
      "version": "6.3.0"
    },
    "query-string": {
      "version": "4.2.3"
    },
    "random-bytes": {
      "version": "1.0.0"
    },
    "randomatic": {
      "version": "1.1.6"
    },
    "range-parser": {
      "version": "1.2.0"
    },
    "raven": {
      "version": "2.1.1",
      "dependencies": {
        "uuid": {
          "version": "3.0.0"
        }
      }
    },
    "raw-body": {
      "version": "2.1.7"
    },
    "react": {
      "version": "15.4.2"
    },
    "react-deep-force-update": {
      "version": "2.0.1"
    },
    "react-dom": {
      "version": "15.4.2"
    },
    "react-helmet": {
      "version": "3.2.2"
    },
    "react-hot-loader": {
      "version": "3.0.0-beta.6"
    },
    "react-proxy": {
      "version": "3.0.0-alpha.1"
    },
    "react-redux": {
      "version": "4.4.6"
    },
    "react-router": {
      "version": "3.0.0"
    },
    "react-router-redux": {
      "version": "4.0.7"
    },
    "react-side-effect": {
      "version": "1.0.2",
      "dependencies": {
        "fbjs": {
          "version": "0.1.0-alpha.10"
        },
        "whatwg-fetch": {
          "version": "0.9.0"
        }
      }
    },
    "read-pkg": {
      "version": "1.1.0"
    },
    "read-pkg-up": {
      "version": "1.0.1"
    },
    "readable-stream": {
      "version": "1.0.34"
    },
    "recast": {
      "version": "0.10.43",
      "dependencies": {
        "esprima-fb": {
          "version": "15001.1001.0-dev-harmony-fb"
        },
        "source-map": {
          "version": "0.5.6"
        }
      }
    },
    "rechoir": {
      "version": "0.6.2"
    },
    "redbox-react": {
      "version": "1.3.3"
    },
    "redux": {
      "version": "3.6.0"
    },
    "redux-thunk": {
      "version": "2.1.0"
    },
    "referrer-policy": {
      "version": "1.0.0"
    },
    "regenerate": {
      "version": "1.3.2"
    },
    "regenerator-runtime": {
      "version": "0.9.6"
    },
    "regex-cache": {
      "version": "0.4.3"
    },
    "regexp-quote": {
      "version": "0.0.0"
    },
    "regexpu-core": {
      "version": "1.0.0"
    },
    "regjsgen": {
      "version": "0.2.0"
    },
    "regjsparser": {
      "version": "0.1.5"
    },
    "repeat-element": {
      "version": "1.1.2"
    },
    "repeat-string": {
      "version": "1.6.1"
    },
    "request": {
      "version": "2.79.0",
      "dependencies": {
        "form-data": {
          "version": "2.1.2"
        }
      }
    },
    "require-directory": {
      "version": "2.1.1"
    },
    "require-main-filename": {
      "version": "1.0.1"
    },
    "reselect": {
      "version": "2.5.4"
    },
    "resolve": {
      "version": "1.3.2"
    },
    "resolve-dir": {
      "version": "0.1.1"
    },
    "retry": {
      "version": "0.6.0"
    },
    "safe-buffer": {
      "version": "5.0.1"
    },
    "sanitize-html": {
      "version": "1.14.1"
    },
    "seekout": {
      "version": "1.0.2"
    },
    "select": {
      "version": "1.1.2"
    },
    "semver": {
      "version": "5.3.0"
    },
    "send": {
      "version": "0.14.1"
    },
    "serve-favicon": {
      "version": "2.4.0",
      "dependencies": {
        "etag": {
          "version": "1.8.0"
        },
        "fresh": {
          "version": "0.4.0"
        },
        "ms": {
          "version": "0.7.2"
        }
      }
    },
    "serve-static": {
      "version": "1.11.1"
    },
    "set-blocking": {
      "version": "2.0.0"
    },
    "setprototypeof": {
      "version": "1.0.2"
    },
    "shallowequal": {
      "version": "0.2.2"
    },
    "simple-lru-cache": {
      "version": "0.0.2"
    },
    "sntp": {
      "version": "1.0.9"
    },
    "source-map": {
      "version": "0.4.4"
    },
    "spdx-correct": {
      "version": "1.0.2"
    },
    "spdx-expression-parse": {
      "version": "1.0.4"
    },
    "spdx-license-ids": {
      "version": "1.2.2"
    },
    "split": {
      "version": "1.0.0"
    },
    "sprintf-js": {
      "version": "1.0.3"
    },
    "sshpk": {
      "version": "1.10.1",
      "dependencies": {
        "assert-plus": {
          "version": "1.0.0"
        }
      }
    },
    "stack-trace": {
      "version": "0.0.9"
    },
    "stackframe": {
      "version": "0.3.1"
    },
    "statuses": {
      "version": "1.3.1"
    },
    "strict-uri-encode": {
      "version": "1.1.0"
    },
    "string_decoder": {
      "version": "0.10.31"
    },
    "string-width": {
      "version": "1.0.2"
    },
    "stringstream": {
      "version": "0.0.5"
    },
    "strip-ansi": {
      "version": "3.0.1"
    },
    "supports-color": {
      "version": "2.0.0"
    },
    "symbol-observable": {
      "version": "1.0.4"
    },
    "tdigest": {
      "version": "0.1.1"
    },
    "through": {
      "version": "2.3.8"
    },
    "through2": {
      "version": "0.6.5"
    },
    "tildify": {
      "version": "1.0.0"
    },
    "timed-out": {
      "version": "4.0.1"
    },
    "tiny-emitter": {
      "version": "1.2.0"
    },
    "to-fast-properties": {
      "version": "1.0.2"
    },
    "tough-cookie": {
      "version": "2.3.2"
    },
    "tunnel-agent": {
      "version": "0.4.3"
    },
    "tweetnacl": {
      "version": "0.14.3",
      "optional": true
    },
    "type-is": {
      "version": "1.6.14"
    },
    "typedarray-to-buffer": {
      "version": "3.1.2"
    },
    "ua-parser-js": {
      "version": "0.7.12"
    },
    "uid-safe": {
      "version": "2.1.3"
    },
    "unpipe": {
      "version": "1.0.0"
    },
    "unreachable-branch-transform": {
      "version": "0.3.0"
    },
    "url-value-parser": {
      "version": "1.0.0"
    },
    "user-home": {
      "version": "1.1.1"
    },
    "util-deprecate": {
      "version": "1.0.2"
    },
    "util-extend": {
      "version": "1.0.3"
    },
    "utils-merge": {
      "version": "1.0.0"
    },
    "uuid": {
      "version": "3.0.1"
    },
    "v8flags": {
      "version": "2.0.11"
    },
    "validate-npm-package-license": {
      "version": "3.0.1"
    },
    "vanilla-framework": {
      "version": "1.6.5"
    },
    "vary": {
      "version": "1.1.0"
    },
    "verror": {
      "version": "1.3.6"
    },
    "warning": {
      "version": "3.0.0"
    },
    "whatwg-fetch": {
      "version": "2.0.1"
    },
    "which": {
      "version": "1.2.12"
    },
    "which-module": {
      "version": "1.0.0"
    },
    "window-size": {
      "version": "0.2.0"
    },
    "winston": {
      "version": "2.3.0",
      "dependencies": {
        "async": {
          "version": "1.0.0"
        }
      }
    },
    "winston-daily-rotate-file": {
      "version": "1.4.2"
    },
    "wrap-ansi": {
      "version": "2.1.0"
    },
    "x-xss-protection": {
      "version": "1.0.0"
    },
    "xtend": {
      "version": "4.0.1"
    },
    "y18n": {
      "version": "3.2.1"
    },
    "yargs": {
      "version": "6.4.0"
    },
    "yargs-parser": {
      "version": "4.2.1"
    }
  }
}